{
  "object": {
    "pins": [
      {
        "package": "swift-argument-parser",
        "repositoryURL": "https://github.com/apple/swift-argument-parser.git",
        "state": {
          "branch": "master",
          "revision": "2b80dc4a9fa21af31a3a46a91022c51e9245cc6b",
          "version": null
        }
      },
      {
        "package": "SwiftSyntax",
        "repositoryURL": "https://github.com/apple/swift-syntax",
        "state": {
          "branch": "master",
          "revision": "7251727261c6d2fb225245dc20ffded8f8d0f000",
          "version": null
        }
      },
      {
        "package": "swift-tools-support-core",
        "repositoryURL": "https://github.com/apple/swift-tools-support-core.git",
        "state": {
          "branch": null,
          "revision": "693aba4c4c9dcc4767cc853a0dd38bf90ad8c258",
          "version": "0.0.1"
        }
      }
    ]
  },
  "version": 1
}
